# This is a Gradle generated file for dependency locking.
# Manual edits can break the build and are not advised.
# This file is expected to be part of source control.
ch.qos.logback:logback-classic:1.2.6=jmhRuntimeClasspath,testRuntimeClasspath
ch.qos.logback:logback-core:1.2.6=jmhRuntimeClasspath,testRuntimeClasspath
net.bytebuddy:byte-buddy-agent:1.11.13=jmhRuntimeClasspath,testCompileClasspath,testRuntimeClasspath
net.bytebuddy:byte-buddy:1.11.13=jmhRuntimeClasspath,testCompileClasspath,testRuntimeClasspath
net.sf.jopt-simple:jopt-simple:4.6=jmh,jmhCompileClasspath,jmhRuntimeClasspath
nl.jqno.equalsverifier:equalsverifier:3.7.1=jmhRuntimeClasspath,testCompileClasspath,testRuntimeClasspath
org.apache.commons:commons-compress:1.21=jmh,jmhCompileClasspath,jmhRuntimeClasspath
org.apache.commons:commons-math3:3.2=jmh,jmhCompileClasspath,jmhRuntimeClasspath
org.apiguardian:apiguardian-api:1.1.2=testCompileClasspath
org.assertj:assertj-core:3.20.2=jmhRuntimeClasspath,testCompileClasspath,testRuntimeClasspath
org.jacoco:org.jacoco.agent:0.8.7=jacocoAgent,jacocoAnt
org.jacoco:org.jacoco.ant:0.8.7=jacocoAnt
org.jacoco:org.jacoco.core:0.8.7=jacocoAnt
org.jacoco:org.jacoco.report:0.8.7=jacocoAnt
org.junit.jupiter:junit-jupiter-api:5.8.0=jmhRuntimeClasspath,testCompileClasspath,testRuntimeClasspath
org.junit.jupiter:junit-jupiter-engine:5.8.0=jmhRuntimeClasspath,testRuntimeClasspath
org.junit.jupiter:junit-jupiter-params:5.8.0=jmhRuntimeClasspath,testCompileClasspath,testRuntimeClasspath
org.junit.platform:junit-platform-commons:1.8.0=jmhRuntimeClasspath,testCompileClasspath,testRuntimeClasspath
org.junit.platform:junit-platform-engine:1.8.0=jmhRuntimeClasspath,testRuntimeClasspath
org.junit:junit-bom:5.8.0=jmhRuntimeClasspath,testCompileClasspath,testRuntimeClasspath
org.mockito:mockito-core:3.12.4=jmhRuntimeClasspath,testCompileClasspath,testRuntimeClasspath
org.objenesis:objenesis:3.2=jmhRuntimeClasspath,testCompileClasspath,testRuntimeClasspath
org.openjdk.jmh:jmh-core:1.33=jmh,jmhCompileClasspath,jmhRuntimeClasspath
org.openjdk.jmh:jmh-generator-annprocess:1.33=jmh,jmhCompileClasspath,jmhRuntimeClasspath
org.openjdk.jmh:jmh-generator-asm:1.25=jmh,jmhCompileClasspath,jmhRuntimeClasspath
org.openjdk.jmh:jmh-generator-bytecode:1.25=jmh,jmhCompileClasspath,jmhRuntimeClasspath
org.openjdk.jmh:jmh-generator-reflection:1.25=jmh,jmhCompileClasspath,jmhRuntimeClasspath
org.opentest4j:opentest4j:1.2.0=jmhRuntimeClasspath,testCompileClasspath,testRuntimeClasspath
org.ow2.asm:asm-analysis:9.1=jacocoAnt
org.ow2.asm:asm-commons:9.1=jacocoAnt
org.ow2.asm:asm-tree:9.1=jacocoAnt
org.ow2.asm:asm:5.0.3=jmh,jmhCompileClasspath,jmhRuntimeClasspath
org.ow2.asm:asm:9.1=jacocoAnt
org.slf4j:slf4j-api:1.7.32=jmhRuntimeClasspath,testCompileClasspath,testRuntimeClasspath
empty=annotationProcessor,compileClasspath,jmhAnnotationProcessor,runtimeClasspath,signatures,testAnnotationProcessor
