# This is a Gradle generated file for dependency locking.
# Manual edits can break the build and are not advised.
# This file is expected to be part of source control.
ch.qos.logback:logback-classic:1.2.3
ch.qos.logback:logback-core:1.2.3
junit:junit:4.12
nl.jqno.equalsverifier:equalsverifier:2.5.2
org.assertj:assertj-core:2.9.1
org.hamcrest:hamcrest-core:1.3
org.javassist:javassist:3.20.0-GA
org.mockito:mockito-core:1.10.19
org.objenesis:objenesis:2.2
org.powermock:powermock-api-mockito-common:1.6.5
org.powermock:powermock-api-mockito:1.6.5
org.powermock:powermock-api-support:1.6.5
org.powermock:powermock-core:1.6.5
org.powermock:powermock-reflect:1.6.5
org.slf4j:slf4j-api:1.7.25
